
Microsoft Visual Studio Solution File, Format Version 12.00
# Visual Studio 14
VisualStudioVersion = 14.0.24720.0
MinimumVisualStudioVersion = 10.0.40219.1
Project("{FAE04EC0-301F-11D3-BF4B-00C04F79EFBC}") = "Repository", "Repository\Repository.csproj", "{F8030A37-DA9B-4D10-A2E7-61F67E7570A3}"
EndProject
Project("{FAE04EC0-301F-11D3-BF4B-00C04F79EFBC}") = "Iservice", "Iservice\Iservice.csproj", "{777BFF9D-7F99-40B5-B2DD-5BBF13ABC1FF}"
EndProject
Project("{FAE04EC0-301F-11D3-BF4B-00C04F79EFBC}") = "RepositoryService", "RepositoryService\RepositoryService.csproj", "{C96026B5-B535-42EA-BF11-6EDEECE0CA65}"
EndProject
Project("{FAE04EC0-301F-11D3-BF4B-00C04F79EFBC}") = "Client", "Client\Client.csproj", "{9FB604CC-EFA6-42B3-BE9E-4772DE3D51CF}"
EndProject
Project("{FAE04EC0-301F-11D3-BF4B-00C04F79EFBC}") = "RepositoryReceiver", "RepositoryReceiver\RepositoryReceiver.csproj", "{2C522775-7535-4479-B386-38410F119186}"
EndProject
Project("{FAE04EC0-301F-11D3-BF4B-00C04F79EFBC}") = "BlockingQueue", "BlockingQueue\BlockingQueue.csproj", "{D084B9D9-8601-4982-9DA4-E2B0D983F689}"
EndProject
Project("{FAE04EC0-301F-11D3-BF4B-00C04F79EFBC}") = "ClientSender", "ClientSender\ClientSender.csproj", "{1CD040BE-BA94-4F68-8508-D2B0162084AB}"
EndProject
Project("{FAE04EC0-301F-11D3-BF4B-00C04F79EFBC}") = "Message", "Message\Message.csproj", "{8D676555-5A6A-4EB4-BA8A-31362930E106}"
EndProject
Project("{FAE04EC0-301F-11D3-BF4B-00C04F79EFBC}") = "ClientService", "ClientService\ClientService.csproj", "{5474075F-2EBE-49E4-A2E8-D30FA85171D1}"
EndProject
Project("{FAE04EC0-301F-11D3-BF4B-00C04F79EFBC}") = "ClientReceiver", "ClientReceiver\ClientReceiver.csproj", "{20CEED80-27E0-4532-B237-746C62EC3FDE}"
EndProject
Project("{FAE04EC0-301F-11D3-BF4B-00C04F79EFBC}") = "RepositorySender", "RepositorySender\RepositorySender.csproj", "{051A7D4F-BFC9-4AE2-80E6-89F49B299DC3}"
EndProject
Project("{FAE04EC0-301F-11D3-BF4B-00C04F79EFBC}") = "LogRequestHandler", "LogRequestHandler\LogRequestHandler.csproj", "{1683D73F-BF9D-43F0-BDDF-17FB530EEE1D}"
EndProject
Project("{FAE04EC0-301F-11D3-BF4B-00C04F79EFBC}") = "CodeRequestHandler", "CodeRequestHandler\CodeRequestHandler.csproj", "{CF97FC31-356A-4D7B-8BA8-9DD235A0F73C}"
EndProject
Project("{FAE04EC0-301F-11D3-BF4B-00C04F79EFBC}") = "TestHarness", "TestHarness\TestHarness.csproj", "{B113C3FA-29F3-43EC-AAF6-6B2AF6CE72D7}"
EndProject
Project("{FAE04EC0-301F-11D3-BF4B-00C04F79EFBC}") = "TestHarnessService", "TestHarnessService\TestHarnessService.csproj", "{82B4EAE6-FDB7-425C-81CB-6017721CF999}"
EndProject
Project("{FAE04EC0-301F-11D3-BF4B-00C04F79EFBC}") = "TestHarnessReceiver", "TestHarnessReceiver\TestHarnessReceiver.csproj", "{FC5ECDB4-D672-4E4A-822E-B2EC49691F7C}"
EndProject
Project("{FAE04EC0-301F-11D3-BF4B-00C04F79EFBC}") = "TestHarnessSender", "TestHarnessSender\TestHarnessSender.csproj", "{527FE003-50C6-45DC-8FCB-0F565BD7410A}"
EndProject
Project("{FAE04EC0-301F-11D3-BF4B-00C04F79EFBC}") = "ITest", "ITest\ITest.csproj", "{22C34120-219E-41E6-96C4-AE44DCB05587}"
EndProject
Project("{FAE04EC0-301F-11D3-BF4B-00C04F79EFBC}") = "XmlParser", "XmlParser\XmlParser.csproj", "{4FF33DC1-8A78-414C-84E8-71C215B220D9}"
EndProject
Project("{FAE04EC0-301F-11D3-BF4B-00C04F79EFBC}") = "TestResult", "TestResult\TestResult.csproj", "{E3224E9A-802E-4210-87F2-8AC5471E17BC}"
EndProject
Project("{FAE04EC0-301F-11D3-BF4B-00C04F79EFBC}") = "Loader", "Loader\Loader.csproj", "{38A3F091-0462-4C40-8E0B-3F30D5D3E75D}"
EndProject
Project("{FAE04EC0-301F-11D3-BF4B-00C04F79EFBC}") = "AppDomainMgr", "AppDomainMgr\AppDomainMgr.csproj", "{1288BBFA-7580-4C59-9CF3-2CE940A81F63}"
EndProject
Project("{FAE04EC0-301F-11D3-BF4B-00C04F79EFBC}") = "FileManager", "FileManager\FileManager.csproj", "{9DD2AE3B-6BBE-4A33-AFE5-77EDB6F6AFBE}"
EndProject
Project("{FAE04EC0-301F-11D3-BF4B-00C04F79EFBC}") = "XMLResultFormation", "XMLResultFormation\XMLResultFormation.csproj", "{C0FFC29A-EC6C-4595-BD3B-7C0368877DAB}"
EndProject
Project("{FAE04EC0-301F-11D3-BF4B-00C04F79EFBC}") = "TestHarnessClientGUI", "TestHarnessClientGUI\TestHarnessClientGUI.csproj", "{DB4A6F28-3945-43EA-9E63-4B3BD8B88E2C}"
EndProject
Project("{FAE04EC0-301F-11D3-BF4B-00C04F79EFBC}") = "HiResTimer", "HiResTimer\HiResTimer.csproj", "{801AC3E2-9F56-472E-82F8-D2D7F98E9705}"
EndProject
Project("{FAE04EC0-301F-11D3-BF4B-00C04F79EFBC}") = "Test_Executive", "Test_Executive\Test_Executive.csproj", "{2514B755-420F-4096-9AC0-7F79434457BF}"
EndProject
Project("{FAE04EC0-301F-11D3-BF4B-00C04F79EFBC}") = "CodeToBeTested1", "CodeToBeTested1\CodeToBeTested1.csproj", "{3CB041A0-DF0A-4F16-A662-5C19579A30DE}"
EndProject
Project("{FAE04EC0-301F-11D3-BF4B-00C04F79EFBC}") = "CodeToBeTested2", "CodeToBeTested2\CodeToBeTested2.csproj", "{056666C4-5C2A-4DB2-B4A4-BE96BA073819}"
EndProject
Project("{FAE04EC0-301F-11D3-BF4B-00C04F79EFBC}") = "TestDriverOne", "TestDriverOne\TestDriverOne.csproj", "{18247512-6714-468F-BFE2-E4DF0FEDDD80}"
EndProject
Project("{FAE04EC0-301F-11D3-BF4B-00C04F79EFBC}") = "TestDriverTwo", "TestDriverTwo\TestDriverTwo.csproj", "{5F6BA946-85AF-44F9-9C07-8E371B55C8C6}"
EndProject
Global
	GlobalSection(SolutionConfigurationPlatforms) = preSolution
		Debug|Any CPU = Debug|Any CPU
		Debug|x64 = Debug|x64
		Debug|x86 = Debug|x86
		Release|Any CPU = Release|Any CPU
		Release|x64 = Release|x64
		Release|x86 = Release|x86
	EndGlobalSection
	GlobalSection(ProjectConfigurationPlatforms) = postSolution
		{F8030A37-DA9B-4D10-A2E7-61F67E7570A3}.Debug|Any CPU.ActiveCfg = Debug|Any CPU
		{F8030A37-DA9B-4D10-A2E7-61F67E7570A3}.Debug|Any CPU.Build.0 = Debug|Any CPU
		{F8030A37-DA9B-4D10-A2E7-61F67E7570A3}.Debug|x64.ActiveCfg = Debug|Any CPU
		{F8030A37-DA9B-4D10-A2E7-61F67E7570A3}.Debug|x64.Build.0 = Debug|Any CPU
		{F8030A37-DA9B-4D10-A2E7-61F67E7570A3}.Debug|x86.ActiveCfg = Debug|Any CPU
		{F8030A37-DA9B-4D10-A2E7-61F67E7570A3}.Debug|x86.Build.0 = Debug|Any CPU
		{F8030A37-DA9B-4D10-A2E7-61F67E7570A3}.Release|Any CPU.ActiveCfg = Release|Any CPU
		{F8030A37-DA9B-4D10-A2E7-61F67E7570A3}.Release|Any CPU.Build.0 = Release|Any CPU
		{F8030A37-DA9B-4D10-A2E7-61F67E7570A3}.Release|x64.ActiveCfg = Release|Any CPU
		{F8030A37-DA9B-4D10-A2E7-61F67E7570A3}.Release|x64.Build.0 = Release|Any CPU
		{F8030A37-DA9B-4D10-A2E7-61F67E7570A3}.Release|x86.ActiveCfg = Release|Any CPU
		{F8030A37-DA9B-4D10-A2E7-61F67E7570A3}.Release|x86.Build.0 = Release|Any CPU
		{777BFF9D-7F99-40B5-B2DD-5BBF13ABC1FF}.Debug|Any CPU.ActiveCfg = Debug|Any CPU
		{777BFF9D-7F99-40B5-B2DD-5BBF13ABC1FF}.Debug|Any CPU.Build.0 = Debug|Any CPU
		{777BFF9D-7F99-40B5-B2DD-5BBF13ABC1FF}.Debug|x64.ActiveCfg = Debug|Any CPU
		{777BFF9D-7F99-40B5-B2DD-5BBF13ABC1FF}.Debug|x64.Build.0 = Debug|Any CPU
		{777BFF9D-7F99-40B5-B2DD-5BBF13ABC1FF}.Debug|x86.ActiveCfg = Debug|Any CPU
		{777BFF9D-7F99-40B5-B2DD-5BBF13ABC1FF}.Debug|x86.Build.0 = Debug|Any CPU
		{777BFF9D-7F99-40B5-B2DD-5BBF13ABC1FF}.Release|Any CPU.ActiveCfg = Release|Any CPU
		{777BFF9D-7F99-40B5-B2DD-5BBF13ABC1FF}.Release|Any CPU.Build.0 = Release|Any CPU
		{777BFF9D-7F99-40B5-B2DD-5BBF13ABC1FF}.Release|x64.ActiveCfg = Release|Any CPU
		{777BFF9D-7F99-40B5-B2DD-5BBF13ABC1FF}.Release|x64.Build.0 = Release|Any CPU
		{777BFF9D-7F99-40B5-B2DD-5BBF13ABC1FF}.Release|x86.ActiveCfg = Release|Any CPU
		{777BFF9D-7F99-40B5-B2DD-5BBF13ABC1FF}.Release|x86.Build.0 = Release|Any CPU
		{C96026B5-B535-42EA-BF11-6EDEECE0CA65}.Debug|Any CPU.ActiveCfg = Debug|Any CPU
		{C96026B5-B535-42EA-BF11-6EDEECE0CA65}.Debug|Any CPU.Build.0 = Debug|Any CPU
		{C96026B5-B535-42EA-BF11-6EDEECE0CA65}.Debug|x64.ActiveCfg = Debug|Any CPU
		{C96026B5-B535-42EA-BF11-6EDEECE0CA65}.Debug|x64.Build.0 = Debug|Any CPU
		{C96026B5-B535-42EA-BF11-6EDEECE0CA65}.Debug|x86.ActiveCfg = Debug|Any CPU
		{C96026B5-B535-42EA-BF11-6EDEECE0CA65}.Debug|x86.Build.0 = Debug|Any CPU
		{C96026B5-B535-42EA-BF11-6EDEECE0CA65}.Release|Any CPU.ActiveCfg = Release|Any CPU
		{C96026B5-B535-42EA-BF11-6EDEECE0CA65}.Release|Any CPU.Build.0 = Release|Any CPU
		{C96026B5-B535-42EA-BF11-6EDEECE0CA65}.Release|x64.ActiveCfg = Release|Any CPU
		{C96026B5-B535-42EA-BF11-6EDEECE0CA65}.Release|x64.Build.0 = Release|Any CPU
		{C96026B5-B535-42EA-BF11-6EDEECE0CA65}.Release|x86.ActiveCfg = Release|Any CPU
		{C96026B5-B535-42EA-BF11-6EDEECE0CA65}.Release|x86.Build.0 = Release|Any CPU
		{9FB604CC-EFA6-42B3-BE9E-4772DE3D51CF}.Debug|Any CPU.ActiveCfg = Debug|Any CPU
		{9FB604CC-EFA6-42B3-BE9E-4772DE3D51CF}.Debug|Any CPU.Build.0 = Debug|Any CPU
		{9FB604CC-EFA6-42B3-BE9E-4772DE3D51CF}.Debug|x64.ActiveCfg = Debug|Any CPU
		{9FB604CC-EFA6-42B3-BE9E-4772DE3D51CF}.Debug|x64.Build.0 = Debug|Any CPU
		{9FB604CC-EFA6-42B3-BE9E-4772DE3D51CF}.Debug|x86.ActiveCfg = Debug|Any CPU
		{9FB604CC-EFA6-42B3-BE9E-4772DE3D51CF}.Debug|x86.Build.0 = Debug|Any CPU
		{9FB604CC-EFA6-42B3-BE9E-4772DE3D51CF}.Release|Any CPU.ActiveCfg = Release|Any CPU
		{9FB604CC-EFA6-42B3-BE9E-4772DE3D51CF}.Release|Any CPU.Build.0 = Release|Any CPU
		{9FB604CC-EFA6-42B3-BE9E-4772DE3D51CF}.Release|x64.ActiveCfg = Release|Any CPU
		{9FB604CC-EFA6-42B3-BE9E-4772DE3D51CF}.Release|x64.Build.0 = Release|Any CPU
		{9FB604CC-EFA6-42B3-BE9E-4772DE3D51CF}.Release|x86.ActiveCfg = Release|Any CPU
		{9FB604CC-EFA6-42B3-BE9E-4772DE3D51CF}.Release|x86.Build.0 = Release|Any CPU
		{2C522775-7535-4479-B386-38410F119186}.Debug|Any CPU.ActiveCfg = Debug|Any CPU
		{2C522775-7535-4479-B386-38410F119186}.Debug|Any CPU.Build.0 = Debug|Any CPU
		{2C522775-7535-4479-B386-38410F119186}.Debug|x64.ActiveCfg = Debug|Any CPU
		{2C522775-7535-4479-B386-38410F119186}.Debug|x64.Build.0 = Debug|Any CPU
		{2C522775-7535-4479-B386-38410F119186}.Debug|x86.ActiveCfg = Debug|Any CPU
		{2C522775-7535-4479-B386-38410F119186}.Debug|x86.Build.0 = Debug|Any CPU
		{2C522775-7535-4479-B386-38410F119186}.Release|Any CPU.ActiveCfg = Release|Any CPU
		{2C522775-7535-4479-B386-38410F119186}.Release|Any CPU.Build.0 = Release|Any CPU
		{2C522775-7535-4479-B386-38410F119186}.Release|x64.ActiveCfg = Release|Any CPU
		{2C522775-7535-4479-B386-38410F119186}.Release|x64.Build.0 = Release|Any CPU
		{2C522775-7535-4479-B386-38410F119186}.Release|x86.ActiveCfg = Release|Any CPU
		{2C522775-7535-4479-B386-38410F119186}.Release|x86.Build.0 = Release|Any CPU
		{D084B9D9-8601-4982-9DA4-E2B0D983F689}.Debug|Any CPU.ActiveCfg = Debug|Any CPU
		{D084B9D9-8601-4982-9DA4-E2B0D983F689}.Debug|Any CPU.Build.0 = Debug|Any CPU
		{D084B9D9-8601-4982-9DA4-E2B0D983F689}.Debug|x64.ActiveCfg = Debug|Any CPU
		{D084B9D9-8601-4982-9DA4-E2B0D983F689}.Debug|x64.Build.0 = Debug|Any CPU
		{D084B9D9-8601-4982-9DA4-E2B0D983F689}.Debug|x86.ActiveCfg = Debug|Any CPU
		{D084B9D9-8601-4982-9DA4-E2B0D983F689}.Debug|x86.Build.0 = Debug|Any CPU
		{D084B9D9-8601-4982-9DA4-E2B0D983F689}.Release|Any CPU.ActiveCfg = Release|Any CPU
		{D084B9D9-8601-4982-9DA4-E2B0D983F689}.Release|Any CPU.Build.0 = Release|Any CPU
		{D084B9D9-8601-4982-9DA4-E2B0D983F689}.Release|x64.ActiveCfg = Release|Any CPU
		{D084B9D9-8601-4982-9DA4-E2B0D983F689}.Release|x64.Build.0 = Release|Any CPU
		{D084B9D9-8601-4982-9DA4-E2B0D983F689}.Release|x86.ActiveCfg = Release|Any CPU
		{D084B9D9-8601-4982-9DA4-E2B0D983F689}.Release|x86.Build.0 = Release|Any CPU
		{1CD040BE-BA94-4F68-8508-D2B0162084AB}.Debug|Any CPU.ActiveCfg = Debug|Any CPU
		{1CD040BE-BA94-4F68-8508-D2B0162084AB}.Debug|Any CPU.Build.0 = Debug|Any CPU
		{1CD040BE-BA94-4F68-8508-D2B0162084AB}.Debug|x64.ActiveCfg = Debug|Any CPU
		{1CD040BE-BA94-4F68-8508-D2B0162084AB}.Debug|x64.Build.0 = Debug|Any CPU
		{1CD040BE-BA94-4F68-8508-D2B0162084AB}.Debug|x86.ActiveCfg = Debug|Any CPU
		{1CD040BE-BA94-4F68-8508-D2B0162084AB}.Debug|x86.Build.0 = Debug|Any CPU
		{1CD040BE-BA94-4F68-8508-D2B0162084AB}.Release|Any CPU.ActiveCfg = Release|Any CPU
		{1CD040BE-BA94-4F68-8508-D2B0162084AB}.Release|Any CPU.Build.0 = Release|Any CPU
		{1CD040BE-BA94-4F68-8508-D2B0162084AB}.Release|x64.ActiveCfg = Release|Any CPU
		{1CD040BE-BA94-4F68-8508-D2B0162084AB}.Release|x64.Build.0 = Release|Any CPU
		{1CD040BE-BA94-4F68-8508-D2B0162084AB}.Release|x86.ActiveCfg = Release|Any CPU
		{1CD040BE-BA94-4F68-8508-D2B0162084AB}.Release|x86.Build.0 = Release|Any CPU
		{8D676555-5A6A-4EB4-BA8A-31362930E106}.Debug|Any CPU.ActiveCfg = Debug|Any CPU
		{8D676555-5A6A-4EB4-BA8A-31362930E106}.Debug|Any CPU.Build.0 = Debug|Any CPU
		{8D676555-5A6A-4EB4-BA8A-31362930E106}.Debug|x64.ActiveCfg = Debug|Any CPU
		{8D676555-5A6A-4EB4-BA8A-31362930E106}.Debug|x64.Build.0 = Debug|Any CPU
		{8D676555-5A6A-4EB4-BA8A-31362930E106}.Debug|x86.ActiveCfg = Debug|Any CPU
		{8D676555-5A6A-4EB4-BA8A-31362930E106}.Debug|x86.Build.0 = Debug|Any CPU
		{8D676555-5A6A-4EB4-BA8A-31362930E106}.Release|Any CPU.ActiveCfg = Release|Any CPU
		{8D676555-5A6A-4EB4-BA8A-31362930E106}.Release|Any CPU.Build.0 = Release|Any CPU
		{8D676555-5A6A-4EB4-BA8A-31362930E106}.Release|x64.ActiveCfg = Release|Any CPU
		{8D676555-5A6A-4EB4-BA8A-31362930E106}.Release|x64.Build.0 = Release|Any CPU
		{8D676555-5A6A-4EB4-BA8A-31362930E106}.Release|x86.ActiveCfg = Release|Any CPU
		{8D676555-5A6A-4EB4-BA8A-31362930E106}.Release|x86.Build.0 = Release|Any CPU
		{5474075F-2EBE-49E4-A2E8-D30FA85171D1}.Debug|Any CPU.ActiveCfg = Debug|Any CPU
		{5474075F-2EBE-49E4-A2E8-D30FA85171D1}.Debug|Any CPU.Build.0 = Debug|Any CPU
		{5474075F-2EBE-49E4-A2E8-D30FA85171D1}.Debug|x64.ActiveCfg = Debug|Any CPU
		{5474075F-2EBE-49E4-A2E8-D30FA85171D1}.Debug|x64.Build.0 = Debug|Any CPU
		{5474075F-2EBE-49E4-A2E8-D30FA85171D1}.Debug|x86.ActiveCfg = Debug|Any CPU
		{5474075F-2EBE-49E4-A2E8-D30FA85171D1}.Debug|x86.Build.0 = Debug|Any CPU
		{5474075F-2EBE-49E4-A2E8-D30FA85171D1}.Release|Any CPU.ActiveCfg = Release|Any CPU
		{5474075F-2EBE-49E4-A2E8-D30FA85171D1}.Release|Any CPU.Build.0 = Release|Any CPU
		{5474075F-2EBE-49E4-A2E8-D30FA85171D1}.Release|x64.ActiveCfg = Release|Any CPU
		{5474075F-2EBE-49E4-A2E8-D30FA85171D1}.Release|x64.Build.0 = Release|Any CPU
		{5474075F-2EBE-49E4-A2E8-D30FA85171D1}.Release|x86.ActiveCfg = Release|Any CPU
		{5474075F-2EBE-49E4-A2E8-D30FA85171D1}.Release|x86.Build.0 = Release|Any CPU
		{20CEED80-27E0-4532-B237-746C62EC3FDE}.Debug|Any CPU.ActiveCfg = Debug|Any CPU
		{20CEED80-27E0-4532-B237-746C62EC3FDE}.Debug|Any CPU.Build.0 = Debug|Any CPU
		{20CEED80-27E0-4532-B237-746C62EC3FDE}.Debug|x64.ActiveCfg = Debug|Any CPU
		{20CEED80-27E0-4532-B237-746C62EC3FDE}.Debug|x64.Build.0 = Debug|Any CPU
		{20CEED80-27E0-4532-B237-746C62EC3FDE}.Debug|x86.ActiveCfg = Debug|Any CPU
		{20CEED80-27E0-4532-B237-746C62EC3FDE}.Debug|x86.Build.0 = Debug|Any CPU
		{20CEED80-27E0-4532-B237-746C62EC3FDE}.Release|Any CPU.ActiveCfg = Release|Any CPU
		{20CEED80-27E0-4532-B237-746C62EC3FDE}.Release|Any CPU.Build.0 = Release|Any CPU
		{20CEED80-27E0-4532-B237-746C62EC3FDE}.Release|x64.ActiveCfg = Release|Any CPU
		{20CEED80-27E0-4532-B237-746C62EC3FDE}.Release|x64.Build.0 = Release|Any CPU
		{20CEED80-27E0-4532-B237-746C62EC3FDE}.Release|x86.ActiveCfg = Release|Any CPU
		{20CEED80-27E0-4532-B237-746C62EC3FDE}.Release|x86.Build.0 = Release|Any CPU
		{051A7D4F-BFC9-4AE2-80E6-89F49B299DC3}.Debug|Any CPU.ActiveCfg = Debug|Any CPU
		{051A7D4F-BFC9-4AE2-80E6-89F49B299DC3}.Debug|Any CPU.Build.0 = Debug|Any CPU
		{051A7D4F-BFC9-4AE2-80E6-89F49B299DC3}.Debug|x64.ActiveCfg = Debug|Any CPU
		{051A7D4F-BFC9-4AE2-80E6-89F49B299DC3}.Debug|x64.Build.0 = Debug|Any CPU
		{051A7D4F-BFC9-4AE2-80E6-89F49B299DC3}.Debug|x86.ActiveCfg = Debug|Any CPU
		{051A7D4F-BFC9-4AE2-80E6-89F49B299DC3}.Debug|x86.Build.0 = Debug|Any CPU
		{051A7D4F-BFC9-4AE2-80E6-89F49B299DC3}.Release|Any CPU.ActiveCfg = Release|Any CPU
		{051A7D4F-BFC9-4AE2-80E6-89F49B299DC3}.Release|Any CPU.Build.0 = Release|Any CPU
		{051A7D4F-BFC9-4AE2-80E6-89F49B299DC3}.Release|x64.ActiveCfg = Release|Any CPU
		{051A7D4F-BFC9-4AE2-80E6-89F49B299DC3}.Release|x64.Build.0 = Release|Any CPU
		{051A7D4F-BFC9-4AE2-80E6-89F49B299DC3}.Release|x86.ActiveCfg = Release|Any CPU
		{051A7D4F-BFC9-4AE2-80E6-89F49B299DC3}.Release|x86.Build.0 = Release|Any CPU
		{1683D73F-BF9D-43F0-BDDF-17FB530EEE1D}.Debug|Any CPU.ActiveCfg = Debug|Any CPU
		{1683D73F-BF9D-43F0-BDDF-17FB530EEE1D}.Debug|Any CPU.Build.0 = Debug|Any CPU
		{1683D73F-BF9D-43F0-BDDF-17FB530EEE1D}.Debug|x64.ActiveCfg = Debug|Any CPU
		{1683D73F-BF9D-43F0-BDDF-17FB530EEE1D}.Debug|x64.Build.0 = Debug|Any CPU
		{1683D73F-BF9D-43F0-BDDF-17FB530EEE1D}.Debug|x86.ActiveCfg = Debug|Any CPU
		{1683D73F-BF9D-43F0-BDDF-17FB530EEE1D}.Debug|x86.Build.0 = Debug|Any CPU
		{1683D73F-BF9D-43F0-BDDF-17FB530EEE1D}.Release|Any CPU.ActiveCfg = Release|Any CPU
		{1683D73F-BF9D-43F0-BDDF-17FB530EEE1D}.Release|Any CPU.Build.0 = Release|Any CPU
		{1683D73F-BF9D-43F0-BDDF-17FB530EEE1D}.Release|x64.ActiveCfg = Release|Any CPU
		{1683D73F-BF9D-43F0-BDDF-17FB530EEE1D}.Release|x64.Build.0 = Release|Any CPU
		{1683D73F-BF9D-43F0-BDDF-17FB530EEE1D}.Release|x86.ActiveCfg = Release|Any CPU
		{1683D73F-BF9D-43F0-BDDF-17FB530EEE1D}.Release|x86.Build.0 = Release|Any CPU
		{CF97FC31-356A-4D7B-8BA8-9DD235A0F73C}.Debug|Any CPU.ActiveCfg = Debug|Any CPU
		{CF97FC31-356A-4D7B-8BA8-9DD235A0F73C}.Debug|Any CPU.Build.0 = Debug|Any CPU
		{CF97FC31-356A-4D7B-8BA8-9DD235A0F73C}.Debug|x64.ActiveCfg = Debug|Any CPU
		{CF97FC31-356A-4D7B-8BA8-9DD235A0F73C}.Debug|x64.Build.0 = Debug|Any CPU
		{CF97FC31-356A-4D7B-8BA8-9DD235A0F73C}.Debug|x86.ActiveCfg = Debug|Any CPU
		{CF97FC31-356A-4D7B-8BA8-9DD235A0F73C}.Debug|x86.Build.0 = Debug|Any CPU
		{CF97FC31-356A-4D7B-8BA8-9DD235A0F73C}.Release|Any CPU.ActiveCfg = Release|Any CPU
		{CF97FC31-356A-4D7B-8BA8-9DD235A0F73C}.Release|Any CPU.Build.0 = Release|Any CPU
		{CF97FC31-356A-4D7B-8BA8-9DD235A0F73C}.Release|x64.ActiveCfg = Release|Any CPU
		{CF97FC31-356A-4D7B-8BA8-9DD235A0F73C}.Release|x64.Build.0 = Release|Any CPU
		{CF97FC31-356A-4D7B-8BA8-9DD235A0F73C}.Release|x86.ActiveCfg = Release|Any CPU
		{CF97FC31-356A-4D7B-8BA8-9DD235A0F73C}.Release|x86.Build.0 = Release|Any CPU
		{B113C3FA-29F3-43EC-AAF6-6B2AF6CE72D7}.Debug|Any CPU.ActiveCfg = Debug|Any CPU
		{B113C3FA-29F3-43EC-AAF6-6B2AF6CE72D7}.Debug|Any CPU.Build.0 = Debug|Any CPU
		{B113C3FA-29F3-43EC-AAF6-6B2AF6CE72D7}.Debug|x64.ActiveCfg = Debug|Any CPU
		{B113C3FA-29F3-43EC-AAF6-6B2AF6CE72D7}.Debug|x64.Build.0 = Debug|Any CPU
		{B113C3FA-29F3-43EC-AAF6-6B2AF6CE72D7}.Debug|x86.ActiveCfg = Debug|Any CPU
		{B113C3FA-29F3-43EC-AAF6-6B2AF6CE72D7}.Debug|x86.Build.0 = Debug|Any CPU
		{B113C3FA-29F3-43EC-AAF6-6B2AF6CE72D7}.Release|Any CPU.ActiveCfg = Release|Any CPU
		{B113C3FA-29F3-43EC-AAF6-6B2AF6CE72D7}.Release|Any CPU.Build.0 = Release|Any CPU
		{B113C3FA-29F3-43EC-AAF6-6B2AF6CE72D7}.Release|x64.ActiveCfg = Release|Any CPU
		{B113C3FA-29F3-43EC-AAF6-6B2AF6CE72D7}.Release|x64.Build.0 = Release|Any CPU
		{B113C3FA-29F3-43EC-AAF6-6B2AF6CE72D7}.Release|x86.ActiveCfg = Release|Any CPU
		{B113C3FA-29F3-43EC-AAF6-6B2AF6CE72D7}.Release|x86.Build.0 = Release|Any CPU
		{82B4EAE6-FDB7-425C-81CB-6017721CF999}.Debug|Any CPU.ActiveCfg = Debug|Any CPU
		{82B4EAE6-FDB7-425C-81CB-6017721CF999}.Debug|Any CPU.Build.0 = Debug|Any CPU
		{82B4EAE6-FDB7-425C-81CB-6017721CF999}.Debug|x64.ActiveCfg = Debug|Any CPU
		{82B4EAE6-FDB7-425C-81CB-6017721CF999}.Debug|x64.Build.0 = Debug|Any CPU
		{82B4EAE6-FDB7-425C-81CB-6017721CF999}.Debug|x86.ActiveCfg = Debug|Any CPU
		{82B4EAE6-FDB7-425C-81CB-6017721CF999}.Debug|x86.Build.0 = Debug|Any CPU
		{82B4EAE6-FDB7-425C-81CB-6017721CF999}.Release|Any CPU.ActiveCfg = Release|Any CPU
		{82B4EAE6-FDB7-425C-81CB-6017721CF999}.Release|Any CPU.Build.0 = Release|Any CPU
		{82B4EAE6-FDB7-425C-81CB-6017721CF999}.Release|x64.ActiveCfg = Release|Any CPU
		{82B4EAE6-FDB7-425C-81CB-6017721CF999}.Release|x64.Build.0 = Release|Any CPU
		{82B4EAE6-FDB7-425C-81CB-6017721CF999}.Release|x86.ActiveCfg = Release|Any CPU
		{82B4EAE6-FDB7-425C-81CB-6017721CF999}.Release|x86.Build.0 = Release|Any CPU
		{FC5ECDB4-D672-4E4A-822E-B2EC49691F7C}.Debug|Any CPU.ActiveCfg = Debug|Any CPU
		{FC5ECDB4-D672-4E4A-822E-B2EC49691F7C}.Debug|Any CPU.Build.0 = Debug|Any CPU
		{FC5ECDB4-D672-4E4A-822E-B2EC49691F7C}.Debug|x64.ActiveCfg = Debug|Any CPU
		{FC5ECDB4-D672-4E4A-822E-B2EC49691F7C}.Debug|x64.Build.0 = Debug|Any CPU
		{FC5ECDB4-D672-4E4A-822E-B2EC49691F7C}.Debug|x86.ActiveCfg = Debug|Any CPU
		{FC5ECDB4-D672-4E4A-822E-B2EC49691F7C}.Debug|x86.Build.0 = Debug|Any CPU
		{FC5ECDB4-D672-4E4A-822E-B2EC49691F7C}.Release|Any CPU.ActiveCfg = Release|Any CPU
		{FC5ECDB4-D672-4E4A-822E-B2EC49691F7C}.Release|Any CPU.Build.0 = Release|Any CPU
		{FC5ECDB4-D672-4E4A-822E-B2EC49691F7C}.Release|x64.ActiveCfg = Release|Any CPU
		{FC5ECDB4-D672-4E4A-822E-B2EC49691F7C}.Release|x64.Build.0 = Release|Any CPU
		{FC5ECDB4-D672-4E4A-822E-B2EC49691F7C}.Release|x86.ActiveCfg = Release|Any CPU
		{FC5ECDB4-D672-4E4A-822E-B2EC49691F7C}.Release|x86.Build.0 = Release|Any CPU
		{527FE003-50C6-45DC-8FCB-0F565BD7410A}.Debug|Any CPU.ActiveCfg = Debug|Any CPU
		{527FE003-50C6-45DC-8FCB-0F565BD7410A}.Debug|Any CPU.Build.0 = Debug|Any CPU
		{527FE003-50C6-45DC-8FCB-0F565BD7410A}.Debug|x64.ActiveCfg = Debug|Any CPU
		{527FE003-50C6-45DC-8FCB-0F565BD7410A}.Debug|x64.Build.0 = Debug|Any CPU
		{527FE003-50C6-45DC-8FCB-0F565BD7410A}.Debug|x86.ActiveCfg = Debug|Any CPU
		{527FE003-50C6-45DC-8FCB-0F565BD7410A}.Debug|x86.Build.0 = Debug|Any CPU
		{527FE003-50C6-45DC-8FCB-0F565BD7410A}.Release|Any CPU.ActiveCfg = Release|Any CPU
		{527FE003-50C6-45DC-8FCB-0F565BD7410A}.Release|Any CPU.Build.0 = Release|Any CPU
		{527FE003-50C6-45DC-8FCB-0F565BD7410A}.Release|x64.ActiveCfg = Release|Any CPU
		{527FE003-50C6-45DC-8FCB-0F565BD7410A}.Release|x64.Build.0 = Release|Any CPU
		{527FE003-50C6-45DC-8FCB-0F565BD7410A}.Release|x86.ActiveCfg = Release|Any CPU
		{527FE003-50C6-45DC-8FCB-0F565BD7410A}.Release|x86.Build.0 = Release|Any CPU
		{22C34120-219E-41E6-96C4-AE44DCB05587}.Debug|Any CPU.ActiveCfg = Debug|Any CPU
		{22C34120-219E-41E6-96C4-AE44DCB05587}.Debug|Any CPU.Build.0 = Debug|Any CPU
		{22C34120-219E-41E6-96C4-AE44DCB05587}.Debug|x64.ActiveCfg = Debug|Any CPU
		{22C34120-219E-41E6-96C4-AE44DCB05587}.Debug|x64.Build.0 = Debug|Any CPU
		{22C34120-219E-41E6-96C4-AE44DCB05587}.Debug|x86.ActiveCfg = Debug|Any CPU
		{22C34120-219E-41E6-96C4-AE44DCB05587}.Debug|x86.Build.0 = Debug|Any CPU
		{22C34120-219E-41E6-96C4-AE44DCB05587}.Release|Any CPU.ActiveCfg = Release|Any CPU
		{22C34120-219E-41E6-96C4-AE44DCB05587}.Release|Any CPU.Build.0 = Release|Any CPU
		{22C34120-219E-41E6-96C4-AE44DCB05587}.Release|x64.ActiveCfg = Release|Any CPU
		{22C34120-219E-41E6-96C4-AE44DCB05587}.Release|x64.Build.0 = Release|Any CPU
		{22C34120-219E-41E6-96C4-AE44DCB05587}.Release|x86.ActiveCfg = Release|Any CPU
		{22C34120-219E-41E6-96C4-AE44DCB05587}.Release|x86.Build.0 = Release|Any CPU
		{4FF33DC1-8A78-414C-84E8-71C215B220D9}.Debug|Any CPU.ActiveCfg = Debug|Any CPU
		{4FF33DC1-8A78-414C-84E8-71C215B220D9}.Debug|Any CPU.Build.0 = Debug|Any CPU
		{4FF33DC1-8A78-414C-84E8-71C215B220D9}.Debug|x64.ActiveCfg = Debug|Any CPU
		{4FF33DC1-8A78-414C-84E8-71C215B220D9}.Debug|x64.Build.0 = Debug|Any CPU
		{4FF33DC1-8A78-414C-84E8-71C215B220D9}.Debug|x86.ActiveCfg = Debug|Any CPU
		{4FF33DC1-8A78-414C-84E8-71C215B220D9}.Debug|x86.Build.0 = Debug|Any CPU
		{4FF33DC1-8A78-414C-84E8-71C215B220D9}.Release|Any CPU.ActiveCfg = Release|Any CPU
		{4FF33DC1-8A78-414C-84E8-71C215B220D9}.Release|Any CPU.Build.0 = Release|Any CPU
		{4FF33DC1-8A78-414C-84E8-71C215B220D9}.Release|x64.ActiveCfg = Release|Any CPU
		{4FF33DC1-8A78-414C-84E8-71C215B220D9}.Release|x64.Build.0 = Release|Any CPU
		{4FF33DC1-8A78-414C-84E8-71C215B220D9}.Release|x86.ActiveCfg = Release|Any CPU
		{4FF33DC1-8A78-414C-84E8-71C215B220D9}.Release|x86.Build.0 = Release|Any CPU
		{E3224E9A-802E-4210-87F2-8AC5471E17BC}.Debug|Any CPU.ActiveCfg = Debug|Any CPU
		{E3224E9A-802E-4210-87F2-8AC5471E17BC}.Debug|Any CPU.Build.0 = Debug|Any CPU
		{E3224E9A-802E-4210-87F2-8AC5471E17BC}.Debug|x64.ActiveCfg = Debug|Any CPU
		{E3224E9A-802E-4210-87F2-8AC5471E17BC}.Debug|x64.Build.0 = Debug|Any CPU
		{E3224E9A-802E-4210-87F2-8AC5471E17BC}.Debug|x86.ActiveCfg = Debug|Any CPU
		{E3224E9A-802E-4210-87F2-8AC5471E17BC}.Debug|x86.Build.0 = Debug|Any CPU
		{E3224E9A-802E-4210-87F2-8AC5471E17BC}.Release|Any CPU.ActiveCfg = Release|Any CPU
		{E3224E9A-802E-4210-87F2-8AC5471E17BC}.Release|Any CPU.Build.0 = Release|Any CPU
		{E3224E9A-802E-4210-87F2-8AC5471E17BC}.Release|x64.ActiveCfg = Release|Any CPU
		{E3224E9A-802E-4210-87F2-8AC5471E17BC}.Release|x64.Build.0 = Release|Any CPU
		{E3224E9A-802E-4210-87F2-8AC5471E17BC}.Release|x86.ActiveCfg = Release|Any CPU
		{E3224E9A-802E-4210-87F2-8AC5471E17BC}.Release|x86.Build.0 = Release|Any CPU
		{38A3F091-0462-4C40-8E0B-3F30D5D3E75D}.Debug|Any CPU.ActiveCfg = Debug|Any CPU
		{38A3F091-0462-4C40-8E0B-3F30D5D3E75D}.Debug|Any CPU.Build.0 = Debug|Any CPU
		{38A3F091-0462-4C40-8E0B-3F30D5D3E75D}.Debug|x64.ActiveCfg = Debug|Any CPU
		{38A3F091-0462-4C40-8E0B-3F30D5D3E75D}.Debug|x64.Build.0 = Debug|Any CPU
		{38A3F091-0462-4C40-8E0B-3F30D5D3E75D}.Debug|x86.ActiveCfg = Debug|Any CPU
		{38A3F091-0462-4C40-8E0B-3F30D5D3E75D}.Debug|x86.Build.0 = Debug|Any CPU
		{38A3F091-0462-4C40-8E0B-3F30D5D3E75D}.Release|Any CPU.ActiveCfg = Release|Any CPU
		{38A3F091-0462-4C40-8E0B-3F30D5D3E75D}.Release|Any CPU.Build.0 = Release|Any CPU
		{38A3F091-0462-4C40-8E0B-3F30D5D3E75D}.Release|x64.ActiveCfg = Release|Any CPU
		{38A3F091-0462-4C40-8E0B-3F30D5D3E75D}.Release|x64.Build.0 = Release|Any CPU
		{38A3F091-0462-4C40-8E0B-3F30D5D3E75D}.Release|x86.ActiveCfg = Release|Any CPU
		{38A3F091-0462-4C40-8E0B-3F30D5D3E75D}.Release|x86.Build.0 = Release|Any CPU
		{1288BBFA-7580-4C59-9CF3-2CE940A81F63}.Debug|Any CPU.ActiveCfg = Debug|Any CPU
		{1288BBFA-7580-4C59-9CF3-2CE940A81F63}.Debug|Any CPU.Build.0 = Debug|Any CPU
		{1288BBFA-7580-4C59-9CF3-2CE940A81F63}.Debug|x64.ActiveCfg = Debug|Any CPU
		{1288BBFA-7580-4C59-9CF3-2CE940A81F63}.Debug|x64.Build.0 = Debug|Any CPU
		{1288BBFA-7580-4C59-9CF3-2CE940A81F63}.Debug|x86.ActiveCfg = Debug|Any CPU
		{1288BBFA-7580-4C59-9CF3-2CE940A81F63}.Debug|x86.Build.0 = Debug|Any CPU
		{1288BBFA-7580-4C59-9CF3-2CE940A81F63}.Release|Any CPU.ActiveCfg = Release|Any CPU
		{1288BBFA-7580-4C59-9CF3-2CE940A81F63}.Release|Any CPU.Build.0 = Release|Any CPU
		{1288BBFA-7580-4C59-9CF3-2CE940A81F63}.Release|x64.ActiveCfg = Release|Any CPU
		{1288BBFA-7580-4C59-9CF3-2CE940A81F63}.Release|x64.Build.0 = Release|Any CPU
		{1288BBFA-7580-4C59-9CF3-2CE940A81F63}.Release|x86.ActiveCfg = Release|Any CPU
		{1288BBFA-7580-4C59-9CF3-2CE940A81F63}.Release|x86.Build.0 = Release|Any CPU
		{9DD2AE3B-6BBE-4A33-AFE5-77EDB6F6AFBE}.Debug|Any CPU.ActiveCfg = Debug|Any CPU
		{9DD2AE3B-6BBE-4A33-AFE5-77EDB6F6AFBE}.Debug|Any CPU.Build.0 = Debug|Any CPU
		{9DD2AE3B-6BBE-4A33-AFE5-77EDB6F6AFBE}.Debug|x64.ActiveCfg = Debug|Any CPU
		{9DD2AE3B-6BBE-4A33-AFE5-77EDB6F6AFBE}.Debug|x64.Build.0 = Debug|Any CPU
		{9DD2AE3B-6BBE-4A33-AFE5-77EDB6F6AFBE}.Debug|x86.ActiveCfg = Debug|Any CPU
		{9DD2AE3B-6BBE-4A33-AFE5-77EDB6F6AFBE}.Debug|x86.Build.0 = Debug|Any CPU
		{9DD2AE3B-6BBE-4A33-AFE5-77EDB6F6AFBE}.Release|Any CPU.ActiveCfg = Release|Any CPU
		{9DD2AE3B-6BBE-4A33-AFE5-77EDB6F6AFBE}.Release|Any CPU.Build.0 = Release|Any CPU
		{9DD2AE3B-6BBE-4A33-AFE5-77EDB6F6AFBE}.Release|x64.ActiveCfg = Release|Any CPU
		{9DD2AE3B-6BBE-4A33-AFE5-77EDB6F6AFBE}.Release|x64.Build.0 = Release|Any CPU
		{9DD2AE3B-6BBE-4A33-AFE5-77EDB6F6AFBE}.Release|x86.ActiveCfg = Release|Any CPU
		{9DD2AE3B-6BBE-4A33-AFE5-77EDB6F6AFBE}.Release|x86.Build.0 = Release|Any CPU
		{C0FFC29A-EC6C-4595-BD3B-7C0368877DAB}.Debug|Any CPU.ActiveCfg = Debug|Any CPU
		{C0FFC29A-EC6C-4595-BD3B-7C0368877DAB}.Debug|Any CPU.Build.0 = Debug|Any CPU
		{C0FFC29A-EC6C-4595-BD3B-7C0368877DAB}.Debug|x64.ActiveCfg = Debug|Any CPU
		{C0FFC29A-EC6C-4595-BD3B-7C0368877DAB}.Debug|x64.Build.0 = Debug|Any CPU
		{C0FFC29A-EC6C-4595-BD3B-7C0368877DAB}.Debug|x86.ActiveCfg = Debug|Any CPU
		{C0FFC29A-EC6C-4595-BD3B-7C0368877DAB}.Debug|x86.Build.0 = Debug|Any CPU
		{C0FFC29A-EC6C-4595-BD3B-7C0368877DAB}.Release|Any CPU.ActiveCfg = Release|Any CPU
		{C0FFC29A-EC6C-4595-BD3B-7C0368877DAB}.Release|Any CPU.Build.0 = Release|Any CPU
		{C0FFC29A-EC6C-4595-BD3B-7C0368877DAB}.Release|x64.ActiveCfg = Release|Any CPU
		{C0FFC29A-EC6C-4595-BD3B-7C0368877DAB}.Release|x64.Build.0 = Release|Any CPU
		{C0FFC29A-EC6C-4595-BD3B-7C0368877DAB}.Release|x86.ActiveCfg = Release|Any CPU
		{C0FFC29A-EC6C-4595-BD3B-7C0368877DAB}.Release|x86.Build.0 = Release|Any CPU
		{DB4A6F28-3945-43EA-9E63-4B3BD8B88E2C}.Debug|Any CPU.ActiveCfg = Debug|Any CPU
		{DB4A6F28-3945-43EA-9E63-4B3BD8B88E2C}.Debug|Any CPU.Build.0 = Debug|Any CPU
		{DB4A6F28-3945-43EA-9E63-4B3BD8B88E2C}.Debug|x64.ActiveCfg = Debug|Any CPU
		{DB4A6F28-3945-43EA-9E63-4B3BD8B88E2C}.Debug|x64.Build.0 = Debug|Any CPU
		{DB4A6F28-3945-43EA-9E63-4B3BD8B88E2C}.Debug|x86.ActiveCfg = Debug|Any CPU
		{DB4A6F28-3945-43EA-9E63-4B3BD8B88E2C}.Debug|x86.Build.0 = Debug|Any CPU
		{DB4A6F28-3945-43EA-9E63-4B3BD8B88E2C}.Release|Any CPU.ActiveCfg = Release|Any CPU
		{DB4A6F28-3945-43EA-9E63-4B3BD8B88E2C}.Release|Any CPU.Build.0 = Release|Any CPU
		{DB4A6F28-3945-43EA-9E63-4B3BD8B88E2C}.Release|x64.ActiveCfg = Release|Any CPU
		{DB4A6F28-3945-43EA-9E63-4B3BD8B88E2C}.Release|x64.Build.0 = Release|Any CPU
		{DB4A6F28-3945-43EA-9E63-4B3BD8B88E2C}.Release|x86.ActiveCfg = Release|Any CPU
		{DB4A6F28-3945-43EA-9E63-4B3BD8B88E2C}.Release|x86.Build.0 = Release|Any CPU
		{801AC3E2-9F56-472E-82F8-D2D7F98E9705}.Debug|Any CPU.ActiveCfg = Debug|Any CPU
		{801AC3E2-9F56-472E-82F8-D2D7F98E9705}.Debug|Any CPU.Build.0 = Debug|Any CPU
		{801AC3E2-9F56-472E-82F8-D2D7F98E9705}.Debug|x64.ActiveCfg = Debug|Any CPU
		{801AC3E2-9F56-472E-82F8-D2D7F98E9705}.Debug|x64.Build.0 = Debug|Any CPU
		{801AC3E2-9F56-472E-82F8-D2D7F98E9705}.Debug|x86.ActiveCfg = Debug|Any CPU
		{801AC3E2-9F56-472E-82F8-D2D7F98E9705}.Debug|x86.Build.0 = Debug|Any CPU
		{801AC3E2-9F56-472E-82F8-D2D7F98E9705}.Release|Any CPU.ActiveCfg = Release|Any CPU
		{801AC3E2-9F56-472E-82F8-D2D7F98E9705}.Release|Any CPU.Build.0 = Release|Any CPU
		{801AC3E2-9F56-472E-82F8-D2D7F98E9705}.Release|x64.ActiveCfg = Release|Any CPU
		{801AC3E2-9F56-472E-82F8-D2D7F98E9705}.Release|x64.Build.0 = Release|Any CPU
		{801AC3E2-9F56-472E-82F8-D2D7F98E9705}.Release|x86.ActiveCfg = Release|Any CPU
		{801AC3E2-9F56-472E-82F8-D2D7F98E9705}.Release|x86.Build.0 = Release|Any CPU
		{2514B755-420F-4096-9AC0-7F79434457BF}.Debug|Any CPU.ActiveCfg = Debug|Any CPU
		{2514B755-420F-4096-9AC0-7F79434457BF}.Debug|Any CPU.Build.0 = Debug|Any CPU
		{2514B755-420F-4096-9AC0-7F79434457BF}.Debug|x64.ActiveCfg = Debug|Any CPU
		{2514B755-420F-4096-9AC0-7F79434457BF}.Debug|x64.Build.0 = Debug|Any CPU
		{2514B755-420F-4096-9AC0-7F79434457BF}.Debug|x86.ActiveCfg = Debug|Any CPU
		{2514B755-420F-4096-9AC0-7F79434457BF}.Debug|x86.Build.0 = Debug|Any CPU
		{2514B755-420F-4096-9AC0-7F79434457BF}.Release|Any CPU.ActiveCfg = Release|Any CPU
		{2514B755-420F-4096-9AC0-7F79434457BF}.Release|Any CPU.Build.0 = Release|Any CPU
		{2514B755-420F-4096-9AC0-7F79434457BF}.Release|x64.ActiveCfg = Release|Any CPU
		{2514B755-420F-4096-9AC0-7F79434457BF}.Release|x64.Build.0 = Release|Any CPU
		{2514B755-420F-4096-9AC0-7F79434457BF}.Release|x86.ActiveCfg = Release|Any CPU
		{2514B755-420F-4096-9AC0-7F79434457BF}.Release|x86.Build.0 = Release|Any CPU
		{3CB041A0-DF0A-4F16-A662-5C19579A30DE}.Debug|Any CPU.ActiveCfg = Debug|Any CPU
		{3CB041A0-DF0A-4F16-A662-5C19579A30DE}.Debug|Any CPU.Build.0 = Debug|Any CPU
		{3CB041A0-DF0A-4F16-A662-5C19579A30DE}.Debug|x64.ActiveCfg = Debug|Any CPU
		{3CB041A0-DF0A-4F16-A662-5C19579A30DE}.Debug|x64.Build.0 = Debug|Any CPU
		{3CB041A0-DF0A-4F16-A662-5C19579A30DE}.Debug|x86.ActiveCfg = Debug|Any CPU
		{3CB041A0-DF0A-4F16-A662-5C19579A30DE}.Debug|x86.Build.0 = Debug|Any CPU
		{3CB041A0-DF0A-4F16-A662-5C19579A30DE}.Release|Any CPU.ActiveCfg = Release|Any CPU
		{3CB041A0-DF0A-4F16-A662-5C19579A30DE}.Release|Any CPU.Build.0 = Release|Any CPU
		{3CB041A0-DF0A-4F16-A662-5C19579A30DE}.Release|x64.ActiveCfg = Release|Any CPU
		{3CB041A0-DF0A-4F16-A662-5C19579A30DE}.Release|x64.Build.0 = Release|Any CPU
		{3CB041A0-DF0A-4F16-A662-5C19579A30DE}.Release|x86.ActiveCfg = Release|Any CPU
		{3CB041A0-DF0A-4F16-A662-5C19579A30DE}.Release|x86.Build.0 = Release|Any CPU
		{056666C4-5C2A-4DB2-B4A4-BE96BA073819}.Debug|Any CPU.ActiveCfg = Debug|Any CPU
		{056666C4-5C2A-4DB2-B4A4-BE96BA073819}.Debug|Any CPU.Build.0 = Debug|Any CPU
		{056666C4-5C2A-4DB2-B4A4-BE96BA073819}.Debug|x64.ActiveCfg = Debug|Any CPU
		{056666C4-5C2A-4DB2-B4A4-BE96BA073819}.Debug|x64.Build.0 = Debug|Any CPU
		{056666C4-5C2A-4DB2-B4A4-BE96BA073819}.Debug|x86.ActiveCfg = Debug|Any CPU
		{056666C4-5C2A-4DB2-B4A4-BE96BA073819}.Debug|x86.Build.0 = Debug|Any CPU
		{056666C4-5C2A-4DB2-B4A4-BE96BA073819}.Release|Any CPU.ActiveCfg = Release|Any CPU
		{056666C4-5C2A-4DB2-B4A4-BE96BA073819}.Release|Any CPU.Build.0 = Release|Any CPU
		{056666C4-5C2A-4DB2-B4A4-BE96BA073819}.Release|x64.ActiveCfg = Release|Any CPU
		{056666C4-5C2A-4DB2-B4A4-BE96BA073819}.Release|x64.Build.0 = Release|Any CPU
		{056666C4-5C2A-4DB2-B4A4-BE96BA073819}.Release|x86.ActiveCfg = Release|Any CPU
		{056666C4-5C2A-4DB2-B4A4-BE96BA073819}.Release|x86.Build.0 = Release|Any CPU
		{18247512-6714-468F-BFE2-E4DF0FEDDD80}.Debug|Any CPU.ActiveCfg = Debug|Any CPU
		{18247512-6714-468F-BFE2-E4DF0FEDDD80}.Debug|Any CPU.Build.0 = Debug|Any CPU
		{18247512-6714-468F-BFE2-E4DF0FEDDD80}.Debug|x64.ActiveCfg = Debug|Any CPU
		{18247512-6714-468F-BFE2-E4DF0FEDDD80}.Debug|x64.Build.0 = Debug|Any CPU
		{18247512-6714-468F-BFE2-E4DF0FEDDD80}.Debug|x86.ActiveCfg = Debug|Any CPU
		{18247512-6714-468F-BFE2-E4DF0FEDDD80}.Debug|x86.Build.0 = Debug|Any CPU
		{18247512-6714-468F-BFE2-E4DF0FEDDD80}.Release|Any CPU.ActiveCfg = Release|Any CPU
		{18247512-6714-468F-BFE2-E4DF0FEDDD80}.Release|Any CPU.Build.0 = Release|Any CPU
		{18247512-6714-468F-BFE2-E4DF0FEDDD80}.Release|x64.ActiveCfg = Release|Any CPU
		{18247512-6714-468F-BFE2-E4DF0FEDDD80}.Release|x64.Build.0 = Release|Any CPU
		{18247512-6714-468F-BFE2-E4DF0FEDDD80}.Release|x86.ActiveCfg = Release|Any CPU
		{18247512-6714-468F-BFE2-E4DF0FEDDD80}.Release|x86.Build.0 = Release|Any CPU
		{5F6BA946-85AF-44F9-9C07-8E371B55C8C6}.Debug|Any CPU.ActiveCfg = Debug|Any CPU
		{5F6BA946-85AF-44F9-9C07-8E371B55C8C6}.Debug|Any CPU.Build.0 = Debug|Any CPU
		{5F6BA946-85AF-44F9-9C07-8E371B55C8C6}.Debug|x64.ActiveCfg = Debug|Any CPU
		{5F6BA946-85AF-44F9-9C07-8E371B55C8C6}.Debug|x64.Build.0 = Debug|Any CPU
		{5F6BA946-85AF-44F9-9C07-8E371B55C8C6}.Debug|x86.ActiveCfg = Debug|Any CPU
		{5F6BA946-85AF-44F9-9C07-8E371B55C8C6}.Debug|x86.Build.0 = Debug|Any CPU
		{5F6BA946-85AF-44F9-9C07-8E371B55C8C6}.Release|Any CPU.ActiveCfg = Release|Any CPU
		{5F6BA946-85AF-44F9-9C07-8E371B55C8C6}.Release|Any CPU.Build.0 = Release|Any CPU
		{5F6BA946-85AF-44F9-9C07-8E371B55C8C6}.Release|x64.ActiveCfg = Release|Any CPU
		{5F6BA946-85AF-44F9-9C07-8E371B55C8C6}.Release|x64.Build.0 = Release|Any CPU
		{5F6BA946-85AF-44F9-9C07-8E371B55C8C6}.Release|x86.ActiveCfg = Release|Any CPU
		{5F6BA946-85AF-44F9-9C07-8E371B55C8C6}.Release|x86.Build.0 = Release|Any CPU
	EndGlobalSection
	GlobalSection(SolutionProperties) = preSolution
		HideSolutionNode = FALSE
	EndGlobalSection
EndGlobal
